
Microsoft Visual Studio Solution File, Format Version 12.00
# Visual Studio Version 17
VisualStudioVersion = 17.14.36127.28
MinimumVisualStudioVersion = 10.0.40219.1
Project("{FAE04EC0-301F-11D3-BF4B-00C04F79EFBC}") = "HotelBookingSystem.AppHost", "src\HotelBookingSystem.AppHost\HotelBookingSystem.AppHost.csproj", "{CF61D073-2321-4832-A836-613081D5DBBC}"
EndProject
Project("{FAE04EC0-301F-11D3-BF4B-00C04F79EFBC}") = "HotelBookingSystem.ServiceDefaults", "src\HotelBookingSystem.ServiceDefaults\HotelBookingSystem.ServiceDefaults.csproj", "{46FA8B1C-4281-4FC0-AFF7-A77AF815E7D2}"
EndProject
Project("{2150E333-8FDC-42A3-9474-1A3956D46DE8}") = "BookingService", "BookingService", "{02EA681E-C7D8-13C7-8484-4AC65E1B71E8}"
EndProject
Project("{FAE04EC0-301F-11D3-BF4B-00C04F79EFBC}") = "HotelBookingSystem.BookingService.Api", "src\BookingService\HotelBookingSystem.BookingService.Api\HotelBookingSystem.BookingService.Api.csproj", "{A9D1AA42-DA2C-4E54-829D-2144C248C4A9}"
EndProject
Project("{FAE04EC0-301F-11D3-BF4B-00C04F79EFBC}") = "HotelBookingSystem.BookingService.Domain", "src\BookingService\HotelBookingSystem.BookingService.Domain\HotelBookingSystem.BookingService.Domain.csproj", "{FAA2771A-6469-46DD-A189-134BB62D17C8}"
EndProject
Project("{FAE04EC0-301F-11D3-BF4B-00C04F79EFBC}") = "HotelBookingSystem.BookingService.Application", "src\BookingService\HotelBookingSystem.BookingService.Application\HotelBookingSystem.BookingService.Application.csproj", "{0BABDBD6-A5CD-415D-BB32-B11037C85873}"
EndProject
Project("{FAE04EC0-301F-11D3-BF4B-00C04F79EFBC}") = "HotelBookingSystem.BookingService.Infrastructure", "src\BookingService\HotelBookingSystem.BookingService.Infrastructure\HotelBookingSystem.BookingService.Infrastructure.csproj", "{7BF06475-2472-448B-8DF0-C0814F6F51FB}"
EndProject
Project("{2150E333-8FDC-42A3-9474-1A3956D46DE8}") = "src", "src", "{B675CCD6-8684-4DA7-8F02-7462FD13E911}"
EndProject
Project("{2150E333-8FDC-42A3-9474-1A3956D46DE8}") = "InventoryService", "InventoryService", "{4ED9B12D-31F3-4B39-B2C8-3D9AE949E950}"
EndProject
Project("{2150E333-8FDC-42A3-9474-1A3956D46DE8}") = "src", "src", "{4EB67C93-ECD6-455A-8889-6BCA94ACF94E}"
EndProject
Project("{FAE04EC0-301F-11D3-BF4B-00C04F79EFBC}") = "HotelBookingSystem.InventoryService.Domain", "src\InventoryService\src\HotelBookingSystem.InventoryService.Domain\HotelBookingSystem.InventoryService.Domain.csproj", "{B561BA39-A0AB-4094-BC2B-9424066AA75E}"
EndProject
Project("{FAE04EC0-301F-11D3-BF4B-00C04F79EFBC}") = "HotelBookingSystem.InventoryService.Application", "src\InventoryService\src\HotelBookingSystem.InventoryService.Application\HotelBookingSystem.InventoryService.Application.csproj", "{C6B258E2-B4D9-43D8-AE16-1F72A1531485}"
EndProject
Project("{FAE04EC0-301F-11D3-BF4B-00C04F79EFBC}") = "HotelBookingSystem.InventoryService.Infrastructure", "src\InventoryService\src\HotelBookingSystem.InventoryService.Infrastructure\HotelBookingSystem.InventoryService.Infrastructure.csproj", "{473B2918-D29E-48FA-8F4B-98F14844B80C}"
EndProject
Project("{FAE04EC0-301F-11D3-BF4B-00C04F79EFBC}") = "HotelBookingSystem.InventoryService.Api", "src\InventoryService\src\HotelBookingSystem.InventoryService.Api\HotelBookingSystem.InventoryService.Api.csproj", "{C5A4F191-3DB5-45B4-ABC2-5D5C4E862871}"
EndProject
Global
	GlobalSection(SolutionConfigurationPlatforms) = preSolution
		Debug|Any CPU = Debug|Any CPU
		Debug|x64 = Debug|x64
		Debug|x86 = Debug|x86
		Release|Any CPU = Release|Any CPU
		Release|x64 = Release|x64
		Release|x86 = Release|x86
	EndGlobalSection
	GlobalSection(ProjectConfigurationPlatforms) = postSolution
		{CF61D073-2321-4832-A836-613081D5DBBC}.Debug|Any CPU.ActiveCfg = Debug|Any CPU
		{CF61D073-2321-4832-A836-613081D5DBBC}.Debug|Any CPU.Build.0 = Debug|Any CPU
		{CF61D073-2321-4832-A836-613081D5DBBC}.Debug|x64.ActiveCfg = Debug|Any CPU
		{CF61D073-2321-4832-A836-613081D5DBBC}.Debug|x64.Build.0 = Debug|Any CPU
		{CF61D073-2321-4832-A836-613081D5DBBC}.Debug|x86.ActiveCfg = Debug|Any CPU
		{CF61D073-2321-4832-A836-613081D5DBBC}.Debug|x86.Build.0 = Debug|Any CPU
		{CF61D073-2321-4832-A836-613081D5DBBC}.Release|Any CPU.ActiveCfg = Release|Any CPU
		{CF61D073-2321-4832-A836-613081D5DBBC}.Release|Any CPU.Build.0 = Release|Any CPU
		{CF61D073-2321-4832-A836-613081D5DBBC}.Release|x64.ActiveCfg = Release|Any CPU
		{CF61D073-2321-4832-A836-613081D5DBBC}.Release|x64.Build.0 = Release|Any CPU
		{CF61D073-2321-4832-A836-613081D5DBBC}.Release|x86.ActiveCfg = Release|Any CPU
		{CF61D073-2321-4832-A836-613081D5DBBC}.Release|x86.Build.0 = Release|Any CPU
		{46FA8B1C-4281-4FC0-AFF7-A77AF815E7D2}.Debug|Any CPU.ActiveCfg = Debug|Any CPU
		{46FA8B1C-4281-4FC0-AFF7-A77AF815E7D2}.Debug|Any CPU.Build.0 = Debug|Any CPU
		{46FA8B1C-4281-4FC0-AFF7-A77AF815E7D2}.Debug|x64.ActiveCfg = Debug|Any CPU
		{46FA8B1C-4281-4FC0-AFF7-A77AF815E7D2}.Debug|x64.Build.0 = Debug|Any CPU
		{46FA8B1C-4281-4FC0-AFF7-A77AF815E7D2}.Debug|x86.ActiveCfg = Debug|Any CPU
		{46FA8B1C-4281-4FC0-AFF7-A77AF815E7D2}.Debug|x86.Build.0 = Debug|Any CPU
		{46FA8B1C-4281-4FC0-AFF7-A77AF815E7D2}.Release|Any CPU.ActiveCfg = Release|Any CPU
		{46FA8B1C-4281-4FC0-AFF7-A77AF815E7D2}.Release|Any CPU.Build.0 = Release|Any CPU
		{46FA8B1C-4281-4FC0-AFF7-A77AF815E7D2}.Release|x64.ActiveCfg = Release|Any CPU
		{46FA8B1C-4281-4FC0-AFF7-A77AF815E7D2}.Release|x64.Build.0 = Release|Any CPU
		{46FA8B1C-4281-4FC0-AFF7-A77AF815E7D2}.Release|x86.ActiveCfg = Release|Any CPU
		{46FA8B1C-4281-4FC0-AFF7-A77AF815E7D2}.Release|x86.Build.0 = Release|Any CPU
		{A9D1AA42-DA2C-4E54-829D-2144C248C4A9}.Debug|Any CPU.ActiveCfg = Debug|Any CPU
		{A9D1AA42-DA2C-4E54-829D-2144C248C4A9}.Debug|Any CPU.Build.0 = Debug|Any CPU
		{A9D1AA42-DA2C-4E54-829D-2144C248C4A9}.Debug|x64.ActiveCfg = Debug|Any CPU
		{A9D1AA42-DA2C-4E54-829D-2144C248C4A9}.Debug|x64.Build.0 = Debug|Any CPU
		{A9D1AA42-DA2C-4E54-829D-2144C248C4A9}.Debug|x86.ActiveCfg = Debug|Any CPU
		{A9D1AA42-DA2C-4E54-829D-2144C248C4A9}.Debug|x86.Build.0 = Debug|Any CPU
		{A9D1AA42-DA2C-4E54-829D-2144C248C4A9}.Release|Any CPU.ActiveCfg = Release|Any CPU
		{A9D1AA42-DA2C-4E54-829D-2144C248C4A9}.Release|Any CPU.Build.0 = Release|Any CPU
		{A9D1AA42-DA2C-4E54-829D-2144C248C4A9}.Release|x64.ActiveCfg = Release|Any CPU
		{A9D1AA42-DA2C-4E54-829D-2144C248C4A9}.Release|x64.Build.0 = Release|Any CPU
		{A9D1AA42-DA2C-4E54-829D-2144C248C4A9}.Release|x86.ActiveCfg = Release|Any CPU
		{A9D1AA42-DA2C-4E54-829D-2144C248C4A9}.Release|x86.Build.0 = Release|Any CPU
		{FAA2771A-6469-46DD-A189-134BB62D17C8}.Debug|Any CPU.ActiveCfg = Debug|Any CPU
		{FAA2771A-6469-46DD-A189-134BB62D17C8}.Debug|Any CPU.Build.0 = Debug|Any CPU
		{FAA2771A-6469-46DD-A189-134BB62D17C8}.Debug|x64.ActiveCfg = Debug|Any CPU
		{FAA2771A-6469-46DD-A189-134BB62D17C8}.Debug|x64.Build.0 = Debug|Any CPU
		{FAA2771A-6469-46DD-A189-134BB62D17C8}.Debug|x86.ActiveCfg = Debug|Any CPU
		{FAA2771A-6469-46DD-A189-134BB62D17C8}.Debug|x86.Build.0 = Debug|Any CPU
		{FAA2771A-6469-46DD-A189-134BB62D17C8}.Release|Any CPU.ActiveCfg = Release|Any CPU
		{FAA2771A-6469-46DD-A189-134BB62D17C8}.Release|Any CPU.Build.0 = Release|Any CPU
		{FAA2771A-6469-46DD-A189-134BB62D17C8}.Release|x64.ActiveCfg = Release|Any CPU
		{FAA2771A-6469-46DD-A189-134BB62D17C8}.Release|x64.Build.0 = Release|Any CPU
		{FAA2771A-6469-46DD-A189-134BB62D17C8}.Release|x86.ActiveCfg = Release|Any CPU
		{FAA2771A-6469-46DD-A189-134BB62D17C8}.Release|x86.Build.0 = Release|Any CPU
		{0BABDBD6-A5CD-415D-BB32-B11037C85873}.Debug|Any CPU.ActiveCfg = Debug|Any CPU
		{0BABDBD6-A5CD-415D-BB32-B11037C85873}.Debug|Any CPU.Build.0 = Debug|Any CPU
		{0BABDBD6-A5CD-415D-BB32-B11037C85873}.Debug|x64.ActiveCfg = Debug|Any CPU
		{0BABDBD6-A5CD-415D-BB32-B11037C85873}.Debug|x64.Build.0 = Debug|Any CPU
		{0BABDBD6-A5CD-415D-BB32-B11037C85873}.Debug|x86.ActiveCfg = Debug|Any CPU
		{0BABDBD6-A5CD-415D-BB32-B11037C85873}.Debug|x86.Build.0 = Debug|Any CPU
		{0BABDBD6-A5CD-415D-BB32-B11037C85873}.Release|Any CPU.ActiveCfg = Release|Any CPU
		{0BABDBD6-A5CD-415D-BB32-B11037C85873}.Release|Any CPU.Build.0 = Release|Any CPU
		{0BABDBD6-A5CD-415D-BB32-B11037C85873}.Release|x64.ActiveCfg = Release|Any CPU
		{0BABDBD6-A5CD-415D-BB32-B11037C85873}.Release|x64.Build.0 = Release|Any CPU
		{0BABDBD6-A5CD-415D-BB32-B11037C85873}.Release|x86.ActiveCfg = Release|Any CPU
		{0BABDBD6-A5CD-415D-BB32-B11037C85873}.Release|x86.Build.0 = Release|Any CPU
		{7BF06475-2472-448B-8DF0-C0814F6F51FB}.Debug|Any CPU.ActiveCfg = Debug|Any CPU
		{7BF06475-2472-448B-8DF0-C0814F6F51FB}.Debug|Any CPU.Build.0 = Debug|Any CPU
		{7BF06475-2472-448B-8DF0-C0814F6F51FB}.Debug|x64.ActiveCfg = Debug|Any CPU
		{7BF06475-2472-448B-8DF0-C0814F6F51FB}.Debug|x64.Build.0 = Debug|Any CPU
		{7BF06475-2472-448B-8DF0-C0814F6F51FB}.Debug|x86.ActiveCfg = Debug|Any CPU
		{7BF06475-2472-448B-8DF0-C0814F6F51FB}.Debug|x86.Build.0 = Debug|Any CPU
		{7BF06475-2472-448B-8DF0-C0814F6F51FB}.Release|Any CPU.ActiveCfg = Release|Any CPU
		{7BF06475-2472-448B-8DF0-C0814F6F51FB}.Release|Any CPU.Build.0 = Release|Any CPU
		{7BF06475-2472-448B-8DF0-C0814F6F51FB}.Release|x64.ActiveCfg = Release|Any CPU
		{7BF06475-2472-448B-8DF0-C0814F6F51FB}.Release|x64.Build.0 = Release|Any CPU
		{7BF06475-2472-448B-8DF0-C0814F6F51FB}.Release|x86.ActiveCfg = Release|Any CPU
		{7BF06475-2472-448B-8DF0-C0814F6F51FB}.Release|x86.Build.0 = Release|Any CPU
		{B561BA39-A0AB-4094-BC2B-9424066AA75E}.Debug|Any CPU.ActiveCfg = Debug|Any CPU
		{B561BA39-A0AB-4094-BC2B-9424066AA75E}.Debug|Any CPU.Build.0 = Debug|Any CPU
		{B561BA39-A0AB-4094-BC2B-9424066AA75E}.Debug|x64.ActiveCfg = Debug|Any CPU
		{B561BA39-A0AB-4094-BC2B-9424066AA75E}.Debug|x64.Build.0 = Debug|Any CPU
		{B561BA39-A0AB-4094-BC2B-9424066AA75E}.Debug|x86.ActiveCfg = Debug|Any CPU
		{B561BA39-A0AB-4094-BC2B-9424066AA75E}.Debug|x86.Build.0 = Debug|Any CPU
		{B561BA39-A0AB-4094-BC2B-9424066AA75E}.Release|Any CPU.ActiveCfg = Release|Any CPU
		{B561BA39-A0AB-4094-BC2B-9424066AA75E}.Release|Any CPU.Build.0 = Release|Any CPU
		{B561BA39-A0AB-4094-BC2B-9424066AA75E}.Release|x64.ActiveCfg = Release|Any CPU
		{B561BA39-A0AB-4094-BC2B-9424066AA75E}.Release|x64.Build.0 = Release|Any CPU
		{B561BA39-A0AB-4094-BC2B-9424066AA75E}.Release|x86.ActiveCfg = Release|Any CPU
		{B561BA39-A0AB-4094-BC2B-9424066AA75E}.Release|x86.Build.0 = Release|Any CPU
		{C6B258E2-B4D9-43D8-AE16-1F72A1531485}.Debug|Any CPU.ActiveCfg = Debug|Any CPU
		{C6B258E2-B4D9-43D8-AE16-1F72A1531485}.Debug|Any CPU.Build.0 = Debug|Any CPU
		{C6B258E2-B4D9-43D8-AE16-1F72A1531485}.Debug|x64.ActiveCfg = Debug|Any CPU
		{C6B258E2-B4D9-43D8-AE16-1F72A1531485}.Debug|x64.Build.0 = Debug|Any CPU
		{C6B258E2-B4D9-43D8-AE16-1F72A1531485}.Debug|x86.ActiveCfg = Debug|Any CPU
		{C6B258E2-B4D9-43D8-AE16-1F72A1531485}.Debug|x86.Build.0 = Debug|Any CPU
		{C6B258E2-B4D9-43D8-AE16-1F72A1531485}.Release|Any CPU.ActiveCfg = Release|Any CPU
		{C6B258E2-B4D9-43D8-AE16-1F72A1531485}.Release|Any CPU.Build.0 = Release|Any CPU
		{C6B258E2-B4D9-43D8-AE16-1F72A1531485}.Release|x64.ActiveCfg = Release|Any CPU
		{C6B258E2-B4D9-43D8-AE16-1F72A1531485}.Release|x64.Build.0 = Release|Any CPU
		{C6B258E2-B4D9-43D8-AE16-1F72A1531485}.Release|x86.ActiveCfg = Release|Any CPU
		{C6B258E2-B4D9-43D8-AE16-1F72A1531485}.Release|x86.Build.0 = Release|Any CPU
		{473B2918-D29E-48FA-8F4B-98F14844B80C}.Debug|Any CPU.ActiveCfg = Debug|Any CPU
		{473B2918-D29E-48FA-8F4B-98F14844B80C}.Debug|Any CPU.Build.0 = Debug|Any CPU
		{473B2918-D29E-48FA-8F4B-98F14844B80C}.Debug|x64.ActiveCfg = Debug|Any CPU
		{473B2918-D29E-48FA-8F4B-98F14844B80C}.Debug|x64.Build.0 = Debug|Any CPU
		{473B2918-D29E-48FA-8F4B-98F14844B80C}.Debug|x86.ActiveCfg = Debug|Any CPU
		{473B2918-D29E-48FA-8F4B-98F14844B80C}.Debug|x86.Build.0 = Debug|Any CPU
		{473B2918-D29E-48FA-8F4B-98F14844B80C}.Release|Any CPU.ActiveCfg = Release|Any CPU
		{473B2918-D29E-48FA-8F4B-98F14844B80C}.Release|Any CPU.Build.0 = Release|Any CPU
		{473B2918-D29E-48FA-8F4B-98F14844B80C}.Release|x64.ActiveCfg = Release|Any CPU
		{473B2918-D29E-48FA-8F4B-98F14844B80C}.Release|x64.Build.0 = Release|Any CPU
		{473B2918-D29E-48FA-8F4B-98F14844B80C}.Release|x86.ActiveCfg = Release|Any CPU
		{473B2918-D29E-48FA-8F4B-98F14844B80C}.Release|x86.Build.0 = Release|Any CPU
		{C5A4F191-3DB5-45B4-ABC2-5D5C4E862871}.Debug|Any CPU.ActiveCfg = Debug|Any CPU
		{C5A4F191-3DB5-45B4-ABC2-5D5C4E862871}.Debug|Any CPU.Build.0 = Debug|Any CPU
		{C5A4F191-3DB5-45B4-ABC2-5D5C4E862871}.Debug|x64.ActiveCfg = Debug|Any CPU
		{C5A4F191-3DB5-45B4-ABC2-5D5C4E862871}.Debug|x64.Build.0 = Debug|Any CPU
		{C5A4F191-3DB5-45B4-ABC2-5D5C4E862871}.Debug|x86.ActiveCfg = Debug|Any CPU
		{C5A4F191-3DB5-45B4-ABC2-5D5C4E862871}.Debug|x86.Build.0 = Debug|Any CPU
		{C5A4F191-3DB5-45B4-ABC2-5D5C4E862871}.Release|Any CPU.ActiveCfg = Release|Any CPU
		{C5A4F191-3DB5-45B4-ABC2-5D5C4E862871}.Release|Any CPU.Build.0 = Release|Any CPU
		{C5A4F191-3DB5-45B4-ABC2-5D5C4E862871}.Release|x64.ActiveCfg = Release|Any CPU
		{C5A4F191-3DB5-45B4-ABC2-5D5C4E862871}.Release|x64.Build.0 = Release|Any CPU
		{C5A4F191-3DB5-45B4-ABC2-5D5C4E862871}.Release|x86.ActiveCfg = Release|Any CPU
		{C5A4F191-3DB5-45B4-ABC2-5D5C4E862871}.Release|x86.Build.0 = Release|Any CPU
	EndGlobalSection
	GlobalSection(SolutionProperties) = preSolution
		HideSolutionNode = FALSE
	EndGlobalSection
	GlobalSection(NestedProjects) = preSolution
		{A9D1AA42-DA2C-4E54-829D-2144C248C4A9} = {B675CCD6-8684-4DA7-8F02-7462FD13E911}
		{FAA2771A-6469-46DD-A189-134BB62D17C8} = {B675CCD6-8684-4DA7-8F02-7462FD13E911}
		{0BABDBD6-A5CD-415D-BB32-B11037C85873} = {B675CCD6-8684-4DA7-8F02-7462FD13E911}
		{7BF06475-2472-448B-8DF0-C0814F6F51FB} = {B675CCD6-8684-4DA7-8F02-7462FD13E911}
		{B675CCD6-8684-4DA7-8F02-7462FD13E911} = {02EA681E-C7D8-13C7-8484-4AC65E1B71E8}
		{4EB67C93-ECD6-455A-8889-6BCA94ACF94E} = {4ED9B12D-31F3-4B39-B2C8-3D9AE949E950}
		{B561BA39-A0AB-4094-BC2B-9424066AA75E} = {4EB67C93-ECD6-455A-8889-6BCA94ACF94E}
		{C6B258E2-B4D9-43D8-AE16-1F72A1531485} = {4EB67C93-ECD6-455A-8889-6BCA94ACF94E}
		{473B2918-D29E-48FA-8F4B-98F14844B80C} = {4EB67C93-ECD6-455A-8889-6BCA94ACF94E}
		{C5A4F191-3DB5-45B4-ABC2-5D5C4E862871} = {4EB67C93-ECD6-455A-8889-6BCA94ACF94E}
	EndGlobalSection
	GlobalSection(ExtensibilityGlobals) = postSolution
		SolutionGuid = {0E6C7483-86AD-4D32-A752-965F54A99AAB}
	EndGlobalSection
EndGlobal
