
Microsoft Visual Studio Solution File, Format Version 12.00
# Visual Studio Version 17
VisualStudioVersion = 17.14.36127.28
MinimumVisualStudioVersion = 10.0.40219.1
Project("{FAE04EC0-301F-11D3-BF4B-00C04F79EFBC}") = "HotelBookingSystem.AppHost", "src\HotelBookingSystem.AppHost\HotelBookingSystem.AppHost.csproj", "{CF61D073-2321-4832-A836-613081D5DBBC}"
EndProject
Project("{FAE04EC0-301F-11D3-BF4B-00C04F79EFBC}") = "HotelBookingSystem.ServiceDefaults", "src\HotelBookingSystem.ServiceDefaults\HotelBookingSystem.ServiceDefaults.csproj", "{46FA8B1C-4281-4FC0-AFF7-A77AF815E7D2}"
EndProject
Project("{2150E333-8FDC-42A3-9474-1A3956D46DE8}") = "BookingService", "BookingService", "{02EA681E-C7D8-13C7-8484-4AC65E1B71E8}"
EndProject
Project("{FAE04EC0-301F-11D3-BF4B-00C04F79EFBC}") = "HotelBookingSystem.BookingService.Api", "src\BookingService\HotelBookingSystem.BookingService.Api\HotelBookingSystem.BookingService.Api.csproj", "{A9D1AA42-DA2C-4E54-829D-2144C248C4A9}"
EndProject
Project("{FAE04EC0-301F-11D3-BF4B-00C04F79EFBC}") = "HotelBookingSystem.BookingService.Domain", "src\BookingService\HotelBookingSystem.BookingService.Domain\HotelBookingSystem.BookingService.Domain.csproj", "{FAA2771A-6469-46DD-A189-134BB62D17C8}"
EndProject
Project("{FAE04EC0-301F-11D3-BF4B-00C04F79EFBC}") = "HotelBookingSystem.BookingService.Application", "src\BookingService\HotelBookingSystem.BookingService.Application\HotelBookingSystem.BookingService.Application.csproj", "{0BABDBD6-A5CD-415D-BB32-B11037C85873}"
EndProject
Project("{FAE04EC0-301F-11D3-BF4B-00C04F79EFBC}") = "HotelBookingSystem.BookingService.Infrastructure", "src\BookingService\HotelBookingSystem.BookingService.Infrastructure\HotelBookingSystem.BookingService.Infrastructure.csproj", "{7BF06475-2472-448B-8DF0-C0814F6F51FB}"
EndProject
Project("{2150E333-8FDC-42A3-9474-1A3956D46DE8}") = "src", "src", "{B675CCD6-8684-4DA7-8F02-7462FD13E911}"
EndProject
Project("{2150E333-8FDC-42A3-9474-1A3956D46DE8}") = "src", "src", "{827E0CD3-B72D-47B6-A68D-7590B98EB39B}"
EndProject
Project("{2150E333-8FDC-42A3-9474-1A3956D46DE8}") = "RoomManagementService", "RoomManagementService", "{3D8E524D-BB22-1ABC-D1D8-C18E238EB621}"
EndProject
Project("{FAE04EC0-301F-11D3-BF4B-00C04F79EFBC}") = "HotelBookingSystem.RoomManagementService.Domain", "src\RoomManagementService\HotelBookingSystem.RoomManagementService.Domain\HotelBookingSystem.RoomManagementService.Domain.csproj", "{49859301-48A5-43EF-A597-653DB5E34FEA}"
EndProject
Project("{FAE04EC0-301F-11D3-BF4B-00C04F79EFBC}") = "HotelBookingSystem.RoomManagementService.Application", "src\RoomManagementService\HotelBookingSystem.RoomManagementService.Application\HotelBookingSystem.RoomManagementService.Application.csproj", "{2F048A14-FD4E-4C69-A5CF-AA9B0FBF228B}"
EndProject
Project("{FAE04EC0-301F-11D3-BF4B-00C04F79EFBC}") = "HotelBookingSystem.RoomManagementService.Infrastructure", "src\RoomManagementService\HotelBookingSystem.RoomManagementService.Infrastructure\HotelBookingSystem.RoomManagementService.Infrastructure.csproj", "{639496F9-1E08-4913-B5B0-DC226ADE1855}"
EndProject
Project("{FAE04EC0-301F-11D3-BF4B-00C04F79EFBC}") = "HotelBookingSystem.RoomManagementService.Api", "src\RoomManagementService\HotelBookingSystem.RoomManagementService.Api\HotelBookingSystem.RoomManagementService.Api.csproj", "{94E0F96A-5381-44B1-B7F9-591631CAD9FF}"
EndProject
Global
	GlobalSection(SolutionConfigurationPlatforms) = preSolution
		Debug|Any CPU = Debug|Any CPU
		Debug|x64 = Debug|x64
		Debug|x86 = Debug|x86
		Release|Any CPU = Release|Any CPU
		Release|x64 = Release|x64
		Release|x86 = Release|x86
	EndGlobalSection
	GlobalSection(ProjectConfigurationPlatforms) = postSolution
		{CF61D073-2321-4832-A836-613081D5DBBC}.Debug|Any CPU.ActiveCfg = Debug|Any CPU
		{CF61D073-2321-4832-A836-613081D5DBBC}.Debug|Any CPU.Build.0 = Debug|Any CPU
		{CF61D073-2321-4832-A836-613081D5DBBC}.Debug|x64.ActiveCfg = Debug|Any CPU
		{CF61D073-2321-4832-A836-613081D5DBBC}.Debug|x64.Build.0 = Debug|Any CPU
		{CF61D073-2321-4832-A836-613081D5DBBC}.Debug|x86.ActiveCfg = Debug|Any CPU
		{CF61D073-2321-4832-A836-613081D5DBBC}.Debug|x86.Build.0 = Debug|Any CPU
		{CF61D073-2321-4832-A836-613081D5DBBC}.Release|Any CPU.ActiveCfg = Release|Any CPU
		{CF61D073-2321-4832-A836-613081D5DBBC}.Release|Any CPU.Build.0 = Release|Any CPU
		{CF61D073-2321-4832-A836-613081D5DBBC}.Release|x64.ActiveCfg = Release|Any CPU
		{CF61D073-2321-4832-A836-613081D5DBBC}.Release|x64.Build.0 = Release|Any CPU
		{CF61D073-2321-4832-A836-613081D5DBBC}.Release|x86.ActiveCfg = Release|Any CPU
		{CF61D073-2321-4832-A836-613081D5DBBC}.Release|x86.Build.0 = Release|Any CPU
		{46FA8B1C-4281-4FC0-AFF7-A77AF815E7D2}.Debug|Any CPU.ActiveCfg = Debug|Any CPU
		{46FA8B1C-4281-4FC0-AFF7-A77AF815E7D2}.Debug|Any CPU.Build.0 = Debug|Any CPU
		{46FA8B1C-4281-4FC0-AFF7-A77AF815E7D2}.Debug|x64.ActiveCfg = Debug|Any CPU
		{46FA8B1C-4281-4FC0-AFF7-A77AF815E7D2}.Debug|x64.Build.0 = Debug|Any CPU
		{46FA8B1C-4281-4FC0-AFF7-A77AF815E7D2}.Debug|x86.ActiveCfg = Debug|Any CPU
		{46FA8B1C-4281-4FC0-AFF7-A77AF815E7D2}.Debug|x86.Build.0 = Debug|Any CPU
		{46FA8B1C-4281-4FC0-AFF7-A77AF815E7D2}.Release|Any CPU.ActiveCfg = Release|Any CPU
		{46FA8B1C-4281-4FC0-AFF7-A77AF815E7D2}.Release|Any CPU.Build.0 = Release|Any CPU
		{46FA8B1C-4281-4FC0-AFF7-A77AF815E7D2}.Release|x64.ActiveCfg = Release|Any CPU
		{46FA8B1C-4281-4FC0-AFF7-A77AF815E7D2}.Release|x64.Build.0 = Release|Any CPU
		{46FA8B1C-4281-4FC0-AFF7-A77AF815E7D2}.Release|x86.ActiveCfg = Release|Any CPU
		{46FA8B1C-4281-4FC0-AFF7-A77AF815E7D2}.Release|x86.Build.0 = Release|Any CPU
		{A9D1AA42-DA2C-4E54-829D-2144C248C4A9}.Debug|Any CPU.ActiveCfg = Debug|Any CPU
		{A9D1AA42-DA2C-4E54-829D-2144C248C4A9}.Debug|Any CPU.Build.0 = Debug|Any CPU
		{A9D1AA42-DA2C-4E54-829D-2144C248C4A9}.Debug|x64.ActiveCfg = Debug|Any CPU
		{A9D1AA42-DA2C-4E54-829D-2144C248C4A9}.Debug|x64.Build.0 = Debug|Any CPU
		{A9D1AA42-DA2C-4E54-829D-2144C248C4A9}.Debug|x86.ActiveCfg = Debug|Any CPU
		{A9D1AA42-DA2C-4E54-829D-2144C248C4A9}.Debug|x86.Build.0 = Debug|Any CPU
		{A9D1AA42-DA2C-4E54-829D-2144C248C4A9}.Release|Any CPU.ActiveCfg = Release|Any CPU
		{A9D1AA42-DA2C-4E54-829D-2144C248C4A9}.Release|Any CPU.Build.0 = Release|Any CPU
		{A9D1AA42-DA2C-4E54-829D-2144C248C4A9}.Release|x64.ActiveCfg = Release|Any CPU
		{A9D1AA42-DA2C-4E54-829D-2144C248C4A9}.Release|x64.Build.0 = Release|Any CPU
		{A9D1AA42-DA2C-4E54-829D-2144C248C4A9}.Release|x86.ActiveCfg = Release|Any CPU
		{A9D1AA42-DA2C-4E54-829D-2144C248C4A9}.Release|x86.Build.0 = Release|Any CPU
		{FAA2771A-6469-46DD-A189-134BB62D17C8}.Debug|Any CPU.ActiveCfg = Debug|Any CPU
		{FAA2771A-6469-46DD-A189-134BB62D17C8}.Debug|Any CPU.Build.0 = Debug|Any CPU
		{FAA2771A-6469-46DD-A189-134BB62D17C8}.Debug|x64.ActiveCfg = Debug|Any CPU
		{FAA2771A-6469-46DD-A189-134BB62D17C8}.Debug|x64.Build.0 = Debug|Any CPU
		{FAA2771A-6469-46DD-A189-134BB62D17C8}.Debug|x86.ActiveCfg = Debug|Any CPU
		{FAA2771A-6469-46DD-A189-134BB62D17C8}.Debug|x86.Build.0 = Debug|Any CPU
		{FAA2771A-6469-46DD-A189-134BB62D17C8}.Release|Any CPU.ActiveCfg = Release|Any CPU
		{FAA2771A-6469-46DD-A189-134BB62D17C8}.Release|Any CPU.Build.0 = Release|Any CPU
		{FAA2771A-6469-46DD-A189-134BB62D17C8}.Release|x64.ActiveCfg = Release|Any CPU
		{FAA2771A-6469-46DD-A189-134BB62D17C8}.Release|x64.Build.0 = Release|Any CPU
		{FAA2771A-6469-46DD-A189-134BB62D17C8}.Release|x86.ActiveCfg = Release|Any CPU
		{FAA2771A-6469-46DD-A189-134BB62D17C8}.Release|x86.Build.0 = Release|Any CPU
		{0BABDBD6-A5CD-415D-BB32-B11037C85873}.Debug|Any CPU.ActiveCfg = Debug|Any CPU
		{0BABDBD6-A5CD-415D-BB32-B11037C85873}.Debug|Any CPU.Build.0 = Debug|Any CPU
		{0BABDBD6-A5CD-415D-BB32-B11037C85873}.Debug|x64.ActiveCfg = Debug|Any CPU
		{0BABDBD6-A5CD-415D-BB32-B11037C85873}.Debug|x64.Build.0 = Debug|Any CPU
		{0BABDBD6-A5CD-415D-BB32-B11037C85873}.Debug|x86.ActiveCfg = Debug|Any CPU
		{0BABDBD6-A5CD-415D-BB32-B11037C85873}.Debug|x86.Build.0 = Debug|Any CPU
		{0BABDBD6-A5CD-415D-BB32-B11037C85873}.Release|Any CPU.ActiveCfg = Release|Any CPU
		{0BABDBD6-A5CD-415D-BB32-B11037C85873}.Release|Any CPU.Build.0 = Release|Any CPU
		{0BABDBD6-A5CD-415D-BB32-B11037C85873}.Release|x64.ActiveCfg = Release|Any CPU
		{0BABDBD6-A5CD-415D-BB32-B11037C85873}.Release|x64.Build.0 = Release|Any CPU
		{0BABDBD6-A5CD-415D-BB32-B11037C85873}.Release|x86.ActiveCfg = Release|Any CPU
		{0BABDBD6-A5CD-415D-BB32-B11037C85873}.Release|x86.Build.0 = Release|Any CPU
		{7BF06475-2472-448B-8DF0-C0814F6F51FB}.Debug|Any CPU.ActiveCfg = Debug|Any CPU
		{7BF06475-2472-448B-8DF0-C0814F6F51FB}.Debug|Any CPU.Build.0 = Debug|Any CPU
		{7BF06475-2472-448B-8DF0-C0814F6F51FB}.Debug|x64.ActiveCfg = Debug|Any CPU
		{7BF06475-2472-448B-8DF0-C0814F6F51FB}.Debug|x64.Build.0 = Debug|Any CPU
		{7BF06475-2472-448B-8DF0-C0814F6F51FB}.Debug|x86.ActiveCfg = Debug|Any CPU
		{7BF06475-2472-448B-8DF0-C0814F6F51FB}.Debug|x86.Build.0 = Debug|Any CPU
		{7BF06475-2472-448B-8DF0-C0814F6F51FB}.Release|Any CPU.ActiveCfg = Release|Any CPU
		{7BF06475-2472-448B-8DF0-C0814F6F51FB}.Release|Any CPU.Build.0 = Release|Any CPU
		{7BF06475-2472-448B-8DF0-C0814F6F51FB}.Release|x64.ActiveCfg = Release|Any CPU
		{7BF06475-2472-448B-8DF0-C0814F6F51FB}.Release|x64.Build.0 = Release|Any CPU
		{7BF06475-2472-448B-8DF0-C0814F6F51FB}.Release|x86.ActiveCfg = Release|Any CPU
		{7BF06475-2472-448B-8DF0-C0814F6F51FB}.Release|x86.Build.0 = Release|Any CPU
		{49859301-48A5-43EF-A597-653DB5E34FEA}.Debug|Any CPU.ActiveCfg = Debug|Any CPU
		{49859301-48A5-43EF-A597-653DB5E34FEA}.Debug|Any CPU.Build.0 = Debug|Any CPU
		{49859301-48A5-43EF-A597-653DB5E34FEA}.Debug|x64.ActiveCfg = Debug|Any CPU
		{49859301-48A5-43EF-A597-653DB5E34FEA}.Debug|x64.Build.0 = Debug|Any CPU
		{49859301-48A5-43EF-A597-653DB5E34FEA}.Debug|x86.ActiveCfg = Debug|Any CPU
		{49859301-48A5-43EF-A597-653DB5E34FEA}.Debug|x86.Build.0 = Debug|Any CPU
		{49859301-48A5-43EF-A597-653DB5E34FEA}.Release|Any CPU.ActiveCfg = Release|Any CPU
		{49859301-48A5-43EF-A597-653DB5E34FEA}.Release|Any CPU.Build.0 = Release|Any CPU
		{49859301-48A5-43EF-A597-653DB5E34FEA}.Release|x64.ActiveCfg = Release|Any CPU
		{49859301-48A5-43EF-A597-653DB5E34FEA}.Release|x64.Build.0 = Release|Any CPU
		{49859301-48A5-43EF-A597-653DB5E34FEA}.Release|x86.ActiveCfg = Release|Any CPU
		{49859301-48A5-43EF-A597-653DB5E34FEA}.Release|x86.Build.0 = Release|Any CPU
		{2F048A14-FD4E-4C69-A5CF-AA9B0FBF228B}.Debug|Any CPU.ActiveCfg = Debug|Any CPU
		{2F048A14-FD4E-4C69-A5CF-AA9B0FBF228B}.Debug|Any CPU.Build.0 = Debug|Any CPU
		{2F048A14-FD4E-4C69-A5CF-AA9B0FBF228B}.Debug|x64.ActiveCfg = Debug|Any CPU
		{2F048A14-FD4E-4C69-A5CF-AA9B0FBF228B}.Debug|x64.Build.0 = Debug|Any CPU
		{2F048A14-FD4E-4C69-A5CF-AA9B0FBF228B}.Debug|x86.ActiveCfg = Debug|Any CPU
		{2F048A14-FD4E-4C69-A5CF-AA9B0FBF228B}.Debug|x86.Build.0 = Debug|Any CPU
		{2F048A14-FD4E-4C69-A5CF-AA9B0FBF228B}.Release|Any CPU.ActiveCfg = Release|Any CPU
		{2F048A14-FD4E-4C69-A5CF-AA9B0FBF228B}.Release|Any CPU.Build.0 = Release|Any CPU
		{2F048A14-FD4E-4C69-A5CF-AA9B0FBF228B}.Release|x64.ActiveCfg = Release|Any CPU
		{2F048A14-FD4E-4C69-A5CF-AA9B0FBF228B}.Release|x64.Build.0 = Release|Any CPU
		{2F048A14-FD4E-4C69-A5CF-AA9B0FBF228B}.Release|x86.ActiveCfg = Release|Any CPU
		{2F048A14-FD4E-4C69-A5CF-AA9B0FBF228B}.Release|x86.Build.0 = Release|Any CPU
		{639496F9-1E08-4913-B5B0-DC226ADE1855}.Debug|Any CPU.ActiveCfg = Debug|Any CPU
		{639496F9-1E08-4913-B5B0-DC226ADE1855}.Debug|Any CPU.Build.0 = Debug|Any CPU
		{639496F9-1E08-4913-B5B0-DC226ADE1855}.Debug|x64.ActiveCfg = Debug|Any CPU
		{639496F9-1E08-4913-B5B0-DC226ADE1855}.Debug|x64.Build.0 = Debug|Any CPU
		{639496F9-1E08-4913-B5B0-DC226ADE1855}.Debug|x86.ActiveCfg = Debug|Any CPU
		{639496F9-1E08-4913-B5B0-DC226ADE1855}.Debug|x86.Build.0 = Debug|Any CPU
		{639496F9-1E08-4913-B5B0-DC226ADE1855}.Release|Any CPU.ActiveCfg = Release|Any CPU
		{639496F9-1E08-4913-B5B0-DC226ADE1855}.Release|Any CPU.Build.0 = Release|Any CPU
		{639496F9-1E08-4913-B5B0-DC226ADE1855}.Release|x64.ActiveCfg = Release|Any CPU
		{639496F9-1E08-4913-B5B0-DC226ADE1855}.Release|x64.Build.0 = Release|Any CPU
		{639496F9-1E08-4913-B5B0-DC226ADE1855}.Release|x86.ActiveCfg = Release|Any CPU
		{639496F9-1E08-4913-B5B0-DC226ADE1855}.Release|x86.Build.0 = Release|Any CPU
		{94E0F96A-5381-44B1-B7F9-591631CAD9FF}.Debug|Any CPU.ActiveCfg = Debug|Any CPU
		{94E0F96A-5381-44B1-B7F9-591631CAD9FF}.Debug|Any CPU.Build.0 = Debug|Any CPU
		{94E0F96A-5381-44B1-B7F9-591631CAD9FF}.Debug|x64.ActiveCfg = Debug|Any CPU
		{94E0F96A-5381-44B1-B7F9-591631CAD9FF}.Debug|x64.Build.0 = Debug|Any CPU
		{94E0F96A-5381-44B1-B7F9-591631CAD9FF}.Debug|x86.ActiveCfg = Debug|Any CPU
		{94E0F96A-5381-44B1-B7F9-591631CAD9FF}.Debug|x86.Build.0 = Debug|Any CPU
		{94E0F96A-5381-44B1-B7F9-591631CAD9FF}.Release|Any CPU.ActiveCfg = Release|Any CPU
		{94E0F96A-5381-44B1-B7F9-591631CAD9FF}.Release|Any CPU.Build.0 = Release|Any CPU
		{94E0F96A-5381-44B1-B7F9-591631CAD9FF}.Release|x64.ActiveCfg = Release|Any CPU
		{94E0F96A-5381-44B1-B7F9-591631CAD9FF}.Release|x64.Build.0 = Release|Any CPU
		{94E0F96A-5381-44B1-B7F9-591631CAD9FF}.Release|x86.ActiveCfg = Release|Any CPU
		{94E0F96A-5381-44B1-B7F9-591631CAD9FF}.Release|x86.Build.0 = Release|Any CPU
	EndGlobalSection
	GlobalSection(SolutionProperties) = preSolution
		HideSolutionNode = FALSE
	EndGlobalSection
	GlobalSection(NestedProjects) = preSolution
		{A9D1AA42-DA2C-4E54-829D-2144C248C4A9} = {B675CCD6-8684-4DA7-8F02-7462FD13E911}
		{FAA2771A-6469-46DD-A189-134BB62D17C8} = {B675CCD6-8684-4DA7-8F02-7462FD13E911}
		{0BABDBD6-A5CD-415D-BB32-B11037C85873} = {B675CCD6-8684-4DA7-8F02-7462FD13E911}
		{7BF06475-2472-448B-8DF0-C0814F6F51FB} = {B675CCD6-8684-4DA7-8F02-7462FD13E911}
		{B675CCD6-8684-4DA7-8F02-7462FD13E911} = {02EA681E-C7D8-13C7-8484-4AC65E1B71E8}
		{827E0CD3-B72D-47B6-A68D-7590B98EB39B} = {3D8E524D-BB22-1ABC-D1D8-C18E238EB621}
		{49859301-48A5-43EF-A597-653DB5E34FEA} = {827E0CD3-B72D-47B6-A68D-7590B98EB39B}
		{2F048A14-FD4E-4C69-A5CF-AA9B0FBF228B} = {827E0CD3-B72D-47B6-A68D-7590B98EB39B}
		{639496F9-1E08-4913-B5B0-DC226ADE1855} = {827E0CD3-B72D-47B6-A68D-7590B98EB39B}
		{94E0F96A-5381-44B1-B7F9-591631CAD9FF} = {827E0CD3-B72D-47B6-A68D-7590B98EB39B}
	EndGlobalSection
	GlobalSection(ExtensibilityGlobals) = postSolution
		SolutionGuid = {0E6C7483-86AD-4D32-A752-965F54A99AAB}
	EndGlobalSection
EndGlobal
