
Microsoft Visual Studio Solution File, Format Version 12.00
# Visual Studio Version 17
VisualStudioVersion = 17.14.36127.28
MinimumVisualStudioVersion = 10.0.40219.1
Project("{FAE04EC0-301F-11D3-BF4B-00C04F79EFBC}") = "HotelBookingSystem.AppHost", "HotelBookingSystem.AppHost\HotelBookingSystem.AppHost.csproj", "{CE185876-60B1-47F0-AC31-B8F381DA93DC}"
EndProject
Project("{FAE04EC0-301F-11D3-BF4B-00C04F79EFBC}") = "HotelBookingSystem.ServiceDefaults", "HotelBookingSystem.ServiceDefaults\HotelBookingSystem.ServiceDefaults.csproj", "{4A438498-2B68-422E-9974-D6E231401A14}"
EndProject
Global
	GlobalSection(SolutionConfigurationPlatforms) = preSolution
		Debug|Any CPU = Debug|Any CPU
		Release|Any CPU = Release|Any CPU
	EndGlobalSection
	GlobalSection(ProjectConfigurationPlatforms) = postSolution
		{CE185876-60B1-47F0-AC31-B8F381DA93DC}.Debug|Any CPU.ActiveCfg = Debug|Any CPU
		{CE185876-60B1-47F0-AC31-B8F381DA93DC}.Debug|Any CPU.Build.0 = Debug|Any CPU
		{CE185876-60B1-47F0-AC31-B8F381DA93DC}.Release|Any CPU.ActiveCfg = Release|Any CPU
		{CE185876-60B1-47F0-AC31-B8F381DA93DC}.Release|Any CPU.Build.0 = Release|Any CPU
		{4A438498-2B68-422E-9974-D6E231401A14}.Debug|Any CPU.ActiveCfg = Debug|Any CPU
		{4A438498-2B68-422E-9974-D6E231401A14}.Debug|Any CPU.Build.0 = Debug|Any CPU
		{4A438498-2B68-422E-9974-D6E231401A14}.Release|Any CPU.ActiveCfg = Release|Any CPU
		{4A438498-2B68-422E-9974-D6E231401A14}.Release|Any CPU.Build.0 = Release|Any CPU
	EndGlobalSection
	GlobalSection(SolutionProperties) = preSolution
		HideSolutionNode = FALSE
	EndGlobalSection
	GlobalSection(ExtensibilityGlobals) = postSolution
		SolutionGuid = {0E6C7483-86AD-4D32-A752-965F54A99AAB}
	EndGlobalSection
EndGlobal
